
Microsoft Visual Studio Solution File, Format Version 12.00
# Visual Studio 15
VisualStudioVersion = 15.0.27004.2009
MinimumVisualStudioVersion = 10.0.40219.1
Project("{FAE04EC0-301F-11D3-BF4B-00C04F79EFBC}") = "TradeShop", "TradeShop\TradeShop.csproj", "{B932B1CE-4FD1-4B21-A189-B0D103939DF9}"
EndProject
Global
	GlobalSection(SolutionConfigurationPlatforms) = preSolution
		Debug|Any CPU = Debug|Any CPU
		Release|Any CPU = Release|Any CPU
	EndGlobalSection
	GlobalSection(ProjectConfigurationPlatforms) = postSolution
		{B932B1CE-4FD1-4B21-A189-B0D103939DF9}.Debug|Any CPU.ActiveCfg = Debug|Any CPU
		{B932B1CE-4FD1-4B21-A189-B0D103939DF9}.Debug|Any CPU.Build.0 = Debug|Any CPU
		{B932B1CE-4FD1-4B21-A189-B0D103939DF9}.Release|Any CPU.ActiveCfg = Release|Any CPU
		{B932B1CE-4FD1-4B21-A189-B0D103939DF9}.Release|Any CPU.Build.0 = Release|Any CPU
	EndGlobalSection
	GlobalSection(SolutionProperties) = preSolution
		HideSolutionNode = FALSE
	EndGlobalSection
	GlobalSection(ExtensibilityGlobals) = postSolution
		SolutionGuid = {F3227886-CFE9-49BE-B01D-BE7A1D61C5AE}
	EndGlobalSection
EndGlobal
